
Microsoft Visual Studio Solution File, Format Version 12.00
# Visual Studio Version 16
VisualStudioVersion = 25.0.1706.1
MinimumVisualStudioVersion = 10.0.40219.1
Project("{FAE04EC0-301F-11D3-BF4B-00C04F79EFBC}") = "StaticVsInstanceMethods", "StaticVsInstanceMethods\StaticVsInstanceMethods.csproj", "{C16E6ED9-C07F-42FD-A780-49197A14C6A2}"
EndProject
Global
	GlobalSection(SolutionConfigurationPlatforms) = preSolution
		Debug|Any CPU = Debug|Any CPU
		Release|Any CPU = Release|Any CPU
	EndGlobalSection
	GlobalSection(ProjectConfigurationPlatforms) = postSolution
		{C16E6ED9-C07F-42FD-A780-49197A14C6A2}.Debug|Any CPU.ActiveCfg = Debug|Any CPU
		{C16E6ED9-C07F-42FD-A780-49197A14C6A2}.Debug|Any CPU.Build.0 = Debug|Any CPU
		{C16E6ED9-C07F-42FD-A780-49197A14C6A2}.Release|Any CPU.ActiveCfg = Release|Any CPU
		{C16E6ED9-C07F-42FD-A780-49197A14C6A2}.Release|Any CPU.Build.0 = Release|Any CPU
	EndGlobalSection
	GlobalSection(SolutionProperties) = preSolution
		HideSolutionNode = FALSE
	EndGlobalSection
	GlobalSection(ExtensibilityGlobals) = postSolution
		SolutionGuid = {168AA2CC-04AD-48C3-B925-3B7122ACF5E4}
	EndGlobalSection
EndGlobal
